
Microsoft Visual Studio Solution File, Format Version 12.00
# Visual Studio Version 17
VisualStudioVersion = 17.14.36327.8 d17.14
MinimumVisualStudioVersion = 10.0.40219.1
Project("{FAE04EC0-301F-11D3-BF4B-00C04F79EFBC}") = "HealthManagement", "HealthManagement\HealthManagement.csproj", "{C7047D3A-C24B-4365-89D4-6B71D3723FFD}"
EndProject
Global
	GlobalSection(SolutionConfigurationPlatforms) = preSolution
		Debug|Any CPU = Debug|Any CPU
		Release|Any CPU = Release|Any CPU
	EndGlobalSection
	GlobalSection(ProjectConfigurationPlatforms) = postSolution
		{C7047D3A-C24B-4365-89D4-6B71D3723FFD}.Debug|Any CPU.ActiveCfg = Debug|Any CPU
		{C7047D3A-C24B-4365-89D4-6B71D3723FFD}.Debug|Any CPU.Build.0 = Debug|Any CPU
		{C7047D3A-C24B-4365-89D4-6B71D3723FFD}.Release|Any CPU.ActiveCfg = Release|Any CPU
		{C7047D3A-C24B-4365-89D4-6B71D3723FFD}.Release|Any CPU.Build.0 = Release|Any CPU
	EndGlobalSection
	GlobalSection(SolutionProperties) = preSolution
		HideSolutionNode = FALSE
	EndGlobalSection
	GlobalSection(ExtensibilityGlobals) = postSolution
		SolutionGuid = {A6F80153-0B3F-4FF4-9D52-C85270846D32}
	EndGlobalSection
EndGlobal
